// !$*UTF8*$!
{
	archiveVersion = 1;
	classes = {
	};
	objectVersion = 55;
	objects = {

/* Begin PBXBuildFile section */
		32278513AEAF9E0F8B5090D3 /* Pods_HW1Tests.framework in Frameworks */ = {isa = PBXBuildFile; fileRef = 9E28398875EA33C2B25DD9F9 /* Pods_HW1Tests.framework */; };
		333D4DA827D5760E004C9703 /* MovieGridViewController.swift in Sources */ = {isa = PBXBuildFile; fileRef = 333D4DA727D5760E004C9703 /* MovieGridViewController.swift */; };
		333D4DAA27D5788C004C9703 /* MovieGridCell.swift in Sources */ = {isa = PBXBuildFile; fileRef = 333D4DA927D5788C004C9703 /* MovieGridCell.swift */; };
		334880FC27D56AB40009C400 /* MovieDetailsViewController.swift in Sources */ = {isa = PBXBuildFile; fileRef = 334880FB27D56AB40009C400 /* MovieDetailsViewController.swift */; };
		33A8A91627C96348002F77BA /* AppDelegate.swift in Sources */ = {isa = PBXBuildFile; fileRef = 33A8A91527C96347002F77BA /* AppDelegate.swift */; };
		33A8A91827C96348002F77BA /* SceneDelegate.swift in Sources */ = {isa = PBXBuildFile; fileRef = 33A8A91727C96348002F77BA /* SceneDelegate.swift */; };
		33A8A91D27C96348002F77BA /* Main.storyboard in Resources */ = {isa = PBXBuildFile; fileRef = 33A8A91B27C96348002F77BA /* Main.storyboard */; };
		33A8A91F27C96349002F77BA /* Assets.xcassets in Resources */ = {isa = PBXBuildFile; fileRef = 33A8A91E27C96349002F77BA /* Assets.xcassets */; };
		33A8A92227C96349002F77BA /* LaunchScreen.storyboard in Resources */ = {isa = PBXBuildFile; fileRef = 33A8A92027C96349002F77BA /* LaunchScreen.storyboard */; };
		33A8A92D27C96349002F77BA /* HW1Tests.swift in Sources */ = {isa = PBXBuildFile; fileRef = 33A8A92C27C96349002F77BA /* HW1Tests.swift */; };
		33A8A93727C96349002F77BA /* HW1UITests.swift in Sources */ = {isa = PBXBuildFile; fileRef = 33A8A93627C96349002F77BA /* HW1UITests.swift */; };
		33A8A93927C96349002F77BA /* HW1UITestsLaunchTests.swift in Sources */ = {isa = PBXBuildFile; fileRef = 33A8A93827C96349002F77BA /* HW1UITestsLaunchTests.swift */; };
		33A8A94D27C97BAD002F77BA /* MovieViewController.swift in Sources */ = {isa = PBXBuildFile; fileRef = 33A8A94C27C97BAD002F77BA /* MovieViewController.swift */; };
		33A8A95027C9A060002F77BA /* MovieCell.swift in Sources */ = {isa = PBXBuildFile; fileRef = 33A8A94F27C9A060002F77BA /* MovieCell.swift */; };
		33A8A95327C9AB4B002F77BA /* AlamofireImage in Frameworks */ = {isa = PBXBuildFile; productRef = 33A8A95227C9AB4B002F77BA /* AlamofireImage */; };
		90D2C18B0841447E8DC81431 /* Pods_HW1_HW1UITests.framework in Frameworks */ = {isa = PBXBuildFile; fileRef = 1548EA94E3F4345AB1EBB47D /* Pods_HW1_HW1UITests.framework */; };
		FB442574396FC5BA6E4E7BC5 /* Pods_HW1.framework in Frameworks */ = {isa = PBXBuildFile; fileRef = D9B3C5F9FFF4A279CE313472 /* Pods_HW1.framework */; };
/* End PBXBuildFile section */

/* Begin PBXContainerItemProxy section */
		33A8A92927C96349002F77BA /* PBXContainerItemProxy */ = {
			isa = PBXContainerItemProxy;
			containerPortal = 33A8A90A27C96347002F77BA /* Project object */;
			proxyType = 1;
			remoteGlobalIDString = 33A8A91127C96347002F77BA;
			remoteInfo = HW1;
		};
		33A8A93327C96349002F77BA /* PBXContainerItemProxy */ = {
			isa = PBXContainerItemProxy;
			containerPortal = 33A8A90A27C96347002F77BA /* Project object */;
			proxyType = 1;
			remoteGlobalIDString = 33A8A91127C96347002F77BA;
			remoteInfo = HW1;
		};
/* End PBXContainerItemProxy section */

/* Begin PBXFileReference section */
		035A1801F724DB154572CB20 /* Pods-HW1-HW1UITests.release.xcconfig */ = {isa = PBXFileReference; includeInIndex = 1; lastKnownFileType = text.xcconfig; name = "Pods-HW1-HW1UITests.release.xcconfig"; path = "Target Support Files/Pods-HW1-HW1UITests/Pods-HW1-HW1UITests.release.xcconfig"; sourceTree = "<group>"; };
		07573DB23DD8E06B6676430C /* Pods-HW1Tests.debug.xcconfig */ = {isa = PBXFileReference; includeInIndex = 1; lastKnownFileType = text.xcconfig; name = "Pods-HW1Tests.debug.xcconfig"; path = "Target Support Files/Pods-HW1Tests/Pods-HW1Tests.debug.xcconfig"; sourceTree = "<group>"; };
		1548EA94E3F4345AB1EBB47D /* Pods_HW1_HW1UITests.framework */ = {isa = PBXFileReference; explicitFileType = wrapper.framework; includeInIndex = 0; path = Pods_HW1_HW1UITests.framework; sourceTree = BUILT_PRODUCTS_DIR; };
		18B95E31BBA48C55AD90E1AD /* Pods-HW1-HW1UITests.debug.xcconfig */ = {isa = PBXFileReference; includeInIndex = 1; lastKnownFileType = text.xcconfig; name = "Pods-HW1-HW1UITests.debug.xcconfig"; path = "Target Support Files/Pods-HW1-HW1UITests/Pods-HW1-HW1UITests.debug.xcconfig"; sourceTree = "<group>"; };
		2F8EFBE38D1AE752EFA8E6E3 /* Pods-HW1.debug.xcconfig */ = {isa = PBXFileReference; includeInIndex = 1; lastKnownFileType = text.xcconfig; name = "Pods-HW1.debug.xcconfig"; path = "Target Support Files/Pods-HW1/Pods-HW1.debug.xcconfig"; sourceTree = "<group>"; };
		333D4DA727D5760E004C9703 /* MovieGridViewController.swift */ = {isa = PBXFileReference; lastKnownFileType = sourcecode.swift; path = MovieGridViewController.swift; sourceTree = "<group>"; };
		333D4DA927D5788C004C9703 /* MovieGridCell.swift */ = {isa = PBXFileReference; lastKnownFileType = sourcecode.swift; path = MovieGridCell.swift; sourceTree = "<group>"; };
		334880FB27D56AB40009C400 /* MovieDetailsViewController.swift */ = {isa = PBXFileReference; lastKnownFileType = sourcecode.swift; path = MovieDetailsViewController.swift; sourceTree = "<group>"; };
		33A8A91227C96347002F77BA /* HW1.app */ = {isa = PBXFileReference; explicitFileType = wrapper.application; includeInIndex = 0; path = HW1.app; sourceTree = BUILT_PRODUCTS_DIR; };
		33A8A91527C96347002F77BA /* AppDelegate.swift */ = {isa = PBXFileReference; lastKnownFileType = sourcecode.swift; path = AppDelegate.swift; sourceTree = "<group>"; };
		33A8A91727C96348002F77BA /* SceneDelegate.swift */ = {isa = PBXFileReference; lastKnownFileType = sourcecode.swift; path = SceneDelegate.swift; sourceTree = "<group>"; };
		33A8A91C27C96348002F77BA /* Base */ = {isa = PBXFileReference; lastKnownFileType = file.storyboard; name = Base; path = Base.lproj/Main.storyboard; sourceTree = "<group>"; };
		33A8A91E27C96349002F77BA /* Assets.xcassets */ = {isa = PBXFileReference; lastKnownFileType = folder.assetcatalog; path = Assets.xcassets; sourceTree = "<group>"; };
		33A8A92127C96349002F77BA /* Base */ = {isa = PBXFileReference; lastKnownFileType = file.storyboard; name = Base; path = Base.lproj/LaunchScreen.storyboard; sourceTree = "<group>"; };
		33A8A92327C96349002F77BA /* Info.plist */ = {isa = PBXFileReference; lastKnownFileType = text.plist.xml; path = Info.plist; sourceTree = "<group>"; };
		33A8A92827C96349002F77BA /* HW1Tests.xctest */ = {isa = PBXFileReference; explicitFileType = wrapper.cfbundle; includeInIndex = 0; path = HW1Tests.xctest; sourceTree = BUILT_PRODUCTS_DIR; };
		33A8A92C27C96349002F77BA /* HW1Tests.swift */ = {isa = PBXFileReference; lastKnownFileType = sourcecode.swift; path = HW1Tests.swift; sourceTree = "<group>"; };
		33A8A93227C96349002F77BA /* HW1UITests.xctest */ = {isa = PBXFileReference; explicitFileType = wrapper.cfbundle; includeInIndex = 0; path = HW1UITests.xctest; sourceTree = BUILT_PRODUCTS_DIR; };
		33A8A93627C96349002F77BA /* HW1UITests.swift */ = {isa = PBXFileReference; lastKnownFileType = sourcecode.swift; path = HW1UITests.swift; sourceTree = "<group>"; };
		33A8A93827C96349002F77BA /* HW1UITestsLaunchTests.swift */ = {isa = PBXFileReference; lastKnownFileType = sourcecode.swift; path = HW1UITestsLaunchTests.swift; sourceTree = "<group>"; };
		33A8A94C27C97BAD002F77BA /* MovieViewController.swift */ = {isa = PBXFileReference; lastKnownFileType = sourcecode.swift; path = MovieViewController.swift; sourceTree = "<group>"; };
		33A8A94F27C9A060002F77BA /* MovieCell.swift */ = {isa = PBXFileReference; lastKnownFileType = sourcecode.swift; path = MovieCell.swift; sourceTree = "<group>"; };
		515439D7862DB7A5454952C6 /* Pods-HW1Tests.release.xcconfig */ = {isa = PBXFileReference; includeInIndex = 1; lastKnownFileType = text.xcconfig; name = "Pods-HW1Tests.release.xcconfig"; path = "Target Support Files/Pods-HW1Tests/Pods-HW1Tests.release.xcconfig"; sourceTree = "<group>"; };
		9E28398875EA33C2B25DD9F9 /* Pods_HW1Tests.framework */ = {isa = PBXFileReference; explicitFileType = wrapper.framework; includeInIndex = 0; path = Pods_HW1Tests.framework; sourceTree = BUILT_PRODUCTS_DIR; };
		D0328133E236D187618CF1E0 /* Pods-HW1.release.xcconfig */ = {isa = PBXFileReference; includeInIndex = 1; lastKnownFileType = text.xcconfig; name = "Pods-HW1.release.xcconfig"; path = "Target Support Files/Pods-HW1/Pods-HW1.release.xcconfig"; sourceTree = "<group>"; };
		D9B3C5F9FFF4A279CE313472 /* Pods_HW1.framework */ = {isa = PBXFileReference; explicitFileType = wrapper.framework; includeInIndex = 0; path = Pods_HW1.framework; sourceTree = BUILT_PRODUCTS_DIR; };
/* End PBXFileReference section */

/* Begin PBXFrameworksBuildPhase section */
		33A8A90F27C96347002F77BA /* Frameworks */ = {
			isa = PBXFrameworksBuildPhase;
			buildActionMask = 2147483647;
			files = (
				33A8A95327C9AB4B002F77BA /* AlamofireImage in Frameworks */,
				FB442574396FC5BA6E4E7BC5 /* Pods_HW1.framework in Frameworks */,
			);
			runOnlyForDeploymentPostprocessing = 0;
		};
		33A8A92527C96349002F77BA /* Frameworks */ = {
			isa = PBXFrameworksBuildPhase;
			buildActionMask = 2147483647;
			files = (
				32278513AEAF9E0F8B5090D3 /* Pods_HW1Tests.framework in Frameworks */,
			);
			runOnlyForDeploymentPostprocessing = 0;
		};
		33A8A92F27C96349002F77BA /* Frameworks */ = {
			isa = PBXFrameworksBuildPhase;
			buildActionMask = 2147483647;
			files = (
				90D2C18B0841447E8DC81431 /* Pods_HW1_HW1UITests.framework in Frameworks */,
			);
			runOnlyForDeploymentPostprocessing = 0;
		};
/* End PBXFrameworksBuildPhase section */

/* Begin PBXGroup section */
		33A8A90927C96347002F77BA = {
			isa = PBXGroup;
			children = (
				33A8A91427C96347002F77BA /* HW1 */,
				33A8A92B27C96349002F77BA /* HW1Tests */,
				33A8A93527C96349002F77BA /* HW1UITests */,
				33A8A91327C96347002F77BA /* Products */,
				BC33C62332E5FA00EF1A92BE /* Pods */,
				B87D213E6C0650045BA9FDAE /* Frameworks */,
			);
			sourceTree = "<group>";
		};
		33A8A91327C96347002F77BA /* Products */ = {
			isa = PBXGroup;
			children = (
				33A8A91227C96347002F77BA /* HW1.app */,
				33A8A92827C96349002F77BA /* HW1Tests.xctest */,
				33A8A93227C96349002F77BA /* HW1UITests.xctest */,
			);
			name = Products;
			sourceTree = "<group>";
		};
		33A8A91427C96347002F77BA /* HW1 */ = {
			isa = PBXGroup;
			children = (
				33A8A91527C96347002F77BA /* AppDelegate.swift */,
				33A8A91727C96348002F77BA /* SceneDelegate.swift */,
				33A8A91B27C96348002F77BA /* Main.storyboard */,
				334880FB27D56AB40009C400 /* MovieDetailsViewController.swift */,
				33A8A94F27C9A060002F77BA /* MovieCell.swift */,
				33A8A91E27C96349002F77BA /* Assets.xcassets */,
				33A8A92027C96349002F77BA /* LaunchScreen.storyboard */,
				33A8A92327C96349002F77BA /* Info.plist */,
				33A8A94C27C97BAD002F77BA /* MovieViewController.swift */,
				333D4DA727D5760E004C9703 /* MovieGridViewController.swift */,
				333D4DA927D5788C004C9703 /* MovieGridCell.swift */,
			);
			path = HW1;
			sourceTree = "<group>";
		};
		33A8A92B27C96349002F77BA /* HW1Tests */ = {
			isa = PBXGroup;
			children = (
				33A8A92C27C96349002F77BA /* HW1Tests.swift */,
			);
			path = HW1Tests;
			sourceTree = "<group>";
		};
		33A8A93527C96349002F77BA /* HW1UITests */ = {
			isa = PBXGroup;
			children = (
				33A8A93627C96349002F77BA /* HW1UITests.swift */,
				33A8A93827C96349002F77BA /* HW1UITestsLaunchTests.swift */,
			);
			path = HW1UITests;
			sourceTree = "<group>";
		};
		B87D213E6C0650045BA9FDAE /* Frameworks */ = {
			isa = PBXGroup;
			children = (
				D9B3C5F9FFF4A279CE313472 /* Pods_HW1.framework */,
				1548EA94E3F4345AB1EBB47D /* Pods_HW1_HW1UITests.framework */,
				9E28398875EA33C2B25DD9F9 /* Pods_HW1Tests.framework */,
			);
			name = Frameworks;
			sourceTree = "<group>";
		};
		BC33C62332E5FA00EF1A92BE /* Pods */ = {
			isa = PBXGroup;
			children = (
				2F8EFBE38D1AE752EFA8E6E3 /* Pods-HW1.debug.xcconfig */,
				D0328133E236D187618CF1E0 /* Pods-HW1.release.xcconfig */,
				18B95E31BBA48C55AD90E1AD /* Pods-HW1-HW1UITests.debug.xcconfig */,
				035A1801F724DB154572CB20 /* Pods-HW1-HW1UITests.release.xcconfig */,
				07573DB23DD8E06B6676430C /* Pods-HW1Tests.debug.xcconfig */,
				515439D7862DB7A5454952C6 /* Pods-HW1Tests.release.xcconfig */,
			);
			path = Pods;
			sourceTree = "<group>";
		};
/* End PBXGroup section */

/* Begin PBXNativeTarget section */
		33A8A91127C96347002F77BA /* HW1 */ = {
			isa = PBXNativeTarget;
			buildConfigurationList = 33A8A93C27C96349002F77BA /* Build configuration list for PBXNativeTarget "HW1" */;
			buildPhases = (
				631545FE129B342244325283 /* [CP] Check Pods Manifest.lock */,
				33A8A90E27C96347002F77BA /* Sources */,
				33A8A90F27C96347002F77BA /* Frameworks */,
				33A8A91027C96347002F77BA /* Resources */,
				8E24D1EA6AE9A0C887A68EBF /* [CP] Embed Pods Frameworks */,
			);
			buildRules = (
			);
			dependencies = (
			);
			name = HW1;
			packageProductDependencies = (
				33A8A95227C9AB4B002F77BA /* AlamofireImage */,
			);
			productName = HW1;
			productReference = 33A8A91227C96347002F77BA /* HW1.app */;
			productType = "com.apple.product-type.application";
		};
		33A8A92727C96349002F77BA /* HW1Tests */ = {
			isa = PBXNativeTarget;
			buildConfigurationList = 33A8A93F27C96349002F77BA /* Build configuration list for PBXNativeTarget "HW1Tests" */;
			buildPhases = (
				7A4552213BD6EC42A9C2DA66 /* [CP] Check Pods Manifest.lock */,
				33A8A92427C96349002F77BA /* Sources */,
				33A8A92527C96349002F77BA /* Frameworks */,
				33A8A92627C96349002F77BA /* Resources */,
			);
			buildRules = (
			);
			dependencies = (
				33A8A92A27C96349002F77BA /* PBXTargetDependency */,
			);
			name = HW1Tests;
			productName = HW1Tests;
			productReference = 33A8A92827C96349002F77BA /* HW1Tests.xctest */;
			productType = "com.apple.product-type.bundle.unit-test";
		};
		33A8A93127C96349002F77BA /* HW1UITests */ = {
			isa = PBXNativeTarget;
			buildConfigurationList = 33A8A94227C96349002F77BA /* Build configuration list for PBXNativeTarget "HW1UITests" */;
			buildPhases = (
				67FAA1B6F618921EF83E7EB8 /* [CP] Check Pods Manifest.lock */,
				33A8A92E27C96349002F77BA /* Sources */,
				33A8A92F27C96349002F77BA /* Frameworks */,
				33A8A93027C96349002F77BA /* Resources */,
				271FEB73B9D22FA0439AA0CA /* [CP] Embed Pods Frameworks */,
			);
			buildRules = (
			);
			dependencies = (
				33A8A93427C96349002F77BA /* PBXTargetDependency */,
			);
			name = HW1UITests;
			productName = HW1UITests;
			productReference = 33A8A93227C96349002F77BA /* HW1UITests.xctest */;
			productType = "com.apple.product-type.bundle.ui-testing";
		};
/* End PBXNativeTarget section */

/* Begin PBXProject section */
		33A8A90A27C96347002F77BA /* Project object */ = {
			isa = PBXProject;
			attributes = {
				BuildIndependentTargetsInParallel = 1;
				LastSwiftUpdateCheck = 1320;
				LastUpgradeCheck = 1320;
				TargetAttributes = {
					33A8A91127C96347002F77BA = {
						CreatedOnToolsVersion = 13.2.1;
					};
					33A8A92727C96349002F77BA = {
						CreatedOnToolsVersion = 13.2.1;
						TestTargetID = 33A8A91127C96347002F77BA;
					};
					33A8A93127C96349002F77BA = {
						CreatedOnToolsVersion = 13.2.1;
						TestTargetID = 33A8A91127C96347002F77BA;
					};
				};
			};
			buildConfigurationList = 33A8A90D27C96347002F77BA /* Build configuration list for PBXProject "HW1" */;
			compatibilityVersion = "Xcode 13.0";
			developmentRegion = en;
			hasScannedForEncodings = 0;
			knownRegions = (
				en,
				Base,
			);
			mainGroup = 33A8A90927C96347002F77BA;
			packageReferences = (
				33A8A95127C9AB4B002F77BA /* XCRemoteSwiftPackageReference "AlamofireImage" */,
			);
			productRefGroup = 33A8A91327C96347002F77BA /* Products */;
			projectDirPath = "";
			projectRoot = "";
			targets = (
				33A8A91127C96347002F77BA /* HW1 */,
				33A8A92727C96349002F77BA /* HW1Tests */,
				33A8A93127C96349002F77BA /* HW1UITests */,
			);
		};
/* End PBXProject section */

/* Begin PBXResourcesBuildPhase section */
		33A8A91027C96347002F77BA /* Resources */ = {
			isa = PBXResourcesBuildPhase;
			buildActionMask = 2147483647;
			files = (
				33A8A92227C96349002F77BA /* LaunchScreen.storyboard in Resources */,
				33A8A91F27C96349002F77BA /* Assets.xcassets in Resources */,
				33A8A91D27C96348002F77BA /* Main.storyboard in Resources */,
			);
			runOnlyForDeploymentPostprocessing = 0;
		};
		33A8A92627C96349002F77BA /* Resources */ = {
			isa = PBXResourcesBuildPhase;
			buildActionMask = 2147483647;
			files = (
			);
			runOnlyForDeploymentPostprocessing = 0;
		};
		33A8A93027C96349002F77BA /* Resources */ = {
			isa = PBXResourcesBuildPhase;
			buildActionMask = 2147483647;
			files = (
			);
			runOnlyForDeploymentPostprocessing = 0;
		};
/* End PBXResourcesBuildPhase section */

/* Begin PBXShellScriptBuildPhase section */
		271FEB73B9D22FA0439AA0CA /* [CP] Embed Pods Frameworks */ = {
			isa = PBXShellScriptBuildPhase;
			buildActionMask = 2147483647;
			files = (
			);
			inputFileListPaths = (
				"${PODS_ROOT}/Target Support Files/Pods-HW1-HW1UITests/Pods-HW1-HW1UITests-frameworks-${CONFIGURATION}-input-files.xcfilelist",
			);
			name = "[CP] Embed Pods Frameworks";
			outputFileListPaths = (
				"${PODS_ROOT}/Target Support Files/Pods-HW1-HW1UITests/Pods-HW1-HW1UITests-frameworks-${CONFIGURATION}-output-files.xcfilelist",
			);
			runOnlyForDeploymentPostprocessing = 0;
			shellPath = /bin/sh;
			shellScript = "\"${PODS_ROOT}/Target Support Files/Pods-HW1-HW1UITests/Pods-HW1-HW1UITests-frameworks.sh\"\n";
			showEnvVarsInLog = 0;
		};
		631545FE129B342244325283 /* [CP] Check Pods Manifest.lock */ = {
			isa = PBXShellScriptBuildPhase;
			buildActionMask = 2147483647;
			files = (
			);
			inputFileListPaths = (
			);
			inputPaths = (
				"${PODS_PODFILE_DIR_PATH}/Podfile.lock",
				"${PODS_ROOT}/Manifest.lock",
			);
			name = "[CP] Check Pods Manifest.lock";
			outputFileListPaths = (
			);
			outputPaths = (
				"$(DERIVED_FILE_DIR)/Pods-HW1-checkManifestLockResult.txt",
			);
			runOnlyForDeploymentPostprocessing = 0;
			shellPath = /bin/sh;
			shellScript = "diff \"${PODS_PODFILE_DIR_PATH}/Podfile.lock\" \"${PODS_ROOT}/Manifest.lock\" > /dev/null\nif [ $? != 0 ] ; then\n    # print error to STDERR\n    echo \"error: The sandbox is not in sync with the Podfile.lock. Run 'pod install' or update your CocoaPods installation.\" >&2\n    exit 1\nfi\n# This output is used by Xcode 'outputs' to avoid re-running this script phase.\necho \"SUCCESS\" > \"${SCRIPT_OUTPUT_FILE_0}\"\n";
			showEnvVarsInLog = 0;
		};
		67FAA1B6F618921EF83E7EB8 /* [CP] Check Pods Manifest.lock */ = {
			isa = PBXShellScriptBuildPhase;
			buildActionMask = 2147483647;
			files = (
			);
			inputFileListPaths = (
			);
			inputPaths = (
				"${PODS_PODFILE_DIR_PATH}/Podfile.lock",
				"${PODS_ROOT}/Manifest.lock",
			);
			name = "[CP] Check Pods Manifest.lock";
			outputFileListPaths = (
			);
			outputPaths = (
				"$(DERIVED_FILE_DIR)/Pods-HW1-HW1UITests-checkManifestLockResult.txt",
			);
			runOnlyForDeploymentPostprocessing = 0;
			shellPath = /bin/sh;
			shellScript = "diff \"${PODS_PODFILE_DIR_PATH}/Podfile.lock\" \"${PODS_ROOT}/Manifest.lock\" > /dev/null\nif [ $? != 0 ] ; then\n    # print error to STDERR\n    echo \"error: The sandbox is not in sync with the Podfile.lock. Run 'pod install' or update your CocoaPods installation.\" >&2\n    exit 1\nfi\n# This output is used by Xcode 'outputs' to avoid re-running this script phase.\necho \"SUCCESS\" > \"${SCRIPT_OUTPUT_FILE_0}\"\n";
			showEnvVarsInLog = 0;
		};
		7A4552213BD6EC42A9C2DA66 /* [CP] Check Pods Manifest.lock */ = {
			isa = PBXShellScriptBuildPhase;
			buildActionMask = 2147483647;
			files = (
			);
			inputFileListPaths = (
			);
			inputPaths = (
				"${PODS_PODFILE_DIR_PATH}/Podfile.lock",
				"${PODS_ROOT}/Manifest.lock",
			);
			name = "[CP] Check Pods Manifest.lock";
			outputFileListPaths = (
			);
			outputPaths = (
				"$(DERIVED_FILE_DIR)/Pods-HW1Tests-checkManifestLockResult.txt",
			);
			runOnlyForDeploymentPostprocessing = 0;
			shellPath = /bin/sh;
			shellScript = "diff \"${PODS_PODFILE_DIR_PATH}/Podfile.lock\" \"${PODS_ROOT}/Manifest.lock\" > /dev/null\nif [ $? != 0 ] ; then\n    # print error to STDERR\n    echo \"error: The sandbox is not in sync with the Podfile.lock. Run 'pod install' or update your CocoaPods installation.\" >&2\n    exit 1\nfi\n# This output is used by Xcode 'outputs' to avoid re-running this script phase.\necho \"SUCCESS\" > \"${SCRIPT_OUTPUT_FILE_0}\"\n";
			showEnvVarsInLog = 0;
		};
		8E24D1EA6AE9A0C887A68EBF /* [CP] Embed Pods Frameworks */ = {
			isa = PBXShellScriptBuildPhase;
			buildActionMask = 2147483647;
			files = (
			);
			inputFileListPaths = (
				"${PODS_ROOT}/Target Support Files/Pods-HW1/Pods-HW1-frameworks-${CONFIGURATION}-input-files.xcfilelist",
			);
			name = "[CP] Embed Pods Frameworks";
			outputFileListPaths = (
				"${PODS_ROOT}/Target Support Files/Pods-HW1/Pods-HW1-frameworks-${CONFIGURATION}-output-files.xcfilelist",
			);
			runOnlyForDeploymentPostprocessing = 0;
			shellPath = /bin/sh;
			shellScript = "\"${PODS_ROOT}/Target Support Files/Pods-HW1/Pods-HW1-frameworks.sh\"\n";
			showEnvVarsInLog = 0;
		};
/* End PBXShellScriptBuildPhase section */

/* Begin PBXSourcesBuildPhase section */
		33A8A90E27C96347002F77BA /* Sources */ = {
			isa = PBXSourcesBuildPhase;
			buildActionMask = 2147483647;
			files = (
				334880FC27D56AB40009C400 /* MovieDetailsViewController.swift in Sources */,
				33A8A91627C96348002F77BA /* AppDelegate.swift in Sources */,
				33A8A91827C96348002F77BA /* SceneDelegate.swift in Sources */,
				33A8A95027C9A060002F77BA /* MovieCell.swift in Sources */,
				33A8A94D27C97BAD002F77BA /* MovieViewController.swift in Sources */,
				333D4DA827D5760E004C9703 /* MovieGridViewController.swift in Sources */,
				333D4DAA27D5788C004C9703 /* MovieGridCell.swift in Sources */,
			);
			runOnlyForDeploymentPostprocessing = 0;
		};
		33A8A92427C96349002F77BA /* Sources */ = {
			isa = PBXSourcesBuildPhase;
			buildActionMask = 2147483647;
			files = (
				33A8A92D27C96349002F77BA /* HW1Tests.swift in Sources */,
			);
			runOnlyForDeploymentPostprocessing = 0;
		};
		33A8A92E27C96349002F77BA /* Sources */ = {
			isa = PBXSourcesBuildPhase;
			buildActionMask = 2147483647;
			files = (
				33A8A93727C96349002F77BA /* HW1UITests.swift in Sources */,
				33A8A93927C96349002F77BA /* HW1UITestsLaunchTests.swift in Sources */,
			);
			runOnlyForDeploymentPostprocessing = 0;
		};
/* End PBXSourcesBuildPhase section */

/* Begin PBXTargetDependency section */
		33A8A92A27C96349002F77BA /* PBXTargetDependency */ = {
			isa = PBXTargetDependency;
			target = 33A8A91127C96347002F77BA /* HW1 */;
			targetProxy = 33A8A92927C96349002F77BA /* PBXContainerItemProxy */;
		};
		33A8A93427C96349002F77BA /* PBXTargetDependency */ = {
			isa = PBXTargetDependency;
			target = 33A8A91127C96347002F77BA /* HW1 */;
			targetProxy = 33A8A93327C96349002F77BA /* PBXContainerItemProxy */;
		};
/* End PBXTargetDependency section */

/* Begin PBXVariantGroup section */
		33A8A91B27C96348002F77BA /* Main.storyboard */ = {
			isa = PBXVariantGroup;
			children = (
				33A8A91C27C96348002F77BA /* Base */,
			);
			name = Main.storyboard;
			sourceTree = "<group>";
		};
		33A8A92027C96349002F77BA /* LaunchScreen.storyboard */ = {
			isa = PBXVariantGroup;
			children = (
				33A8A92127C96349002F77BA /* Base */,
			);
			name = LaunchScreen.storyboard;
			sourceTree = "<group>";
		};
/* End PBXVariantGroup section */

/* Begin XCBuildConfiguration section */
		33A8A93A27C96349002F77BA /* Debug */ = {
			isa = XCBuildConfiguration;
			buildSettings = {
				ALWAYS_SEARCH_USER_PATHS = NO;
				CLANG_ANALYZER_NONNULL = YES;
				CLANG_ANALYZER_NUMBER_OBJECT_CONVERSION = YES_AGGRESSIVE;
				CLANG_CXX_LANGUAGE_STANDARD = "gnu++17";
				CLANG_CXX_LIBRARY = "libc++";
				CLANG_ENABLE_MODULES = YES;
				CLANG_ENABLE_OBJC_ARC = YES;
				CLANG_ENABLE_OBJC_WEAK = YES;
				CLANG_WARN_BLOCK_CAPTURE_AUTORELEASING = YES;
				CLANG_WARN_BOOL_CONVERSION = YES;
				CLANG_WARN_COMMA = YES;
				CLANG_WARN_CONSTANT_CONVERSION = YES;
				CLANG_WARN_DEPRECATED_OBJC_IMPLEMENTATIONS = YES;
				CLANG_WARN_DIRECT_OBJC_ISA_USAGE = YES_ERROR;
				CLANG_WARN_DOCUMENTATION_COMMENTS = YES;
				CLANG_WARN_EMPTY_BODY = YES;
				CLANG_WARN_ENUM_CONVERSION = YES;
				CLANG_WARN_INFINITE_RECURSION = YES;
				CLANG_WARN_INT_CONVERSION = YES;
				CLANG_WARN_NON_LITERAL_NULL_CONVERSION = YES;
				CLANG_WARN_OBJC_IMPLICIT_RETAIN_SELF = YES;
				CLANG_WARN_OBJC_LITERAL_CONVERSION = YES;
				CLANG_WARN_OBJC_ROOT_CLASS = YES_ERROR;
				CLANG_WARN_QUOTED_INCLUDE_IN_FRAMEWORK_HEADER = YES;
				CLANG_WARN_RANGE_LOOP_ANALYSIS = YES;
				CLANG_WARN_STRICT_PROTOTYPES = YES;
				CLANG_WARN_SUSPICIOUS_MOVE = YES;
				CLANG_WARN_UNGUARDED_AVAILABILITY = YES_AGGRESSIVE;
				CLANG_WARN_UNREACHABLE_CODE = YES;
				CLANG_WARN__DUPLICATE_METHOD_MATCH = YES;
				COPY_PHASE_STRIP = NO;
				DEBUG_INFORMATION_FORMAT = dwarf;
				ENABLE_STRICT_OBJC_MSGSEND = YES;
				ENABLE_TESTABILITY = YES;
				GCC_C_LANGUAGE_STANDARD = gnu11;
				GCC_DYNAMIC_NO_PIC = NO;
				GCC_NO_COMMON_BLOCKS = YES;
				GCC_OPTIMIZATION_LEVEL = 0;
				GCC_PREPROCESSOR_DEFINITIONS = (
					"DEBUG=1",
					"$(inherited)",
				);
				GCC_WARN_64_TO_32_BIT_CONVERSION = YES;
				GCC_WARN_ABOUT_RETURN_TYPE = YES_ERROR;
				GCC_WARN_UNDECLARED_SELECTOR = YES;
				GCC_WARN_UNINITIALIZED_AUTOS = YES_AGGRESSIVE;
				GCC_WARN_UNUSED_FUNCTION = YES;
				GCC_WARN_UNUSED_VARIABLE = YES;
				IPHONEOS_DEPLOYMENT_TARGET = 15.2;
				MTL_ENABLE_DEBUG_INFO = INCLUDE_SOURCE;
				MTL_FAST_MATH = YES;
				ONLY_ACTIVE_ARCH = YES;
				SDKROOT = iphoneos;
				SWIFT_ACTIVE_COMPILATION_CONDITIONS = DEBUG;
				SWIFT_OPTIMIZATION_LEVEL = "-Onone";
			};
			name = Debug;
		};
		33A8A93B27C96349002F77BA /* Release */ = {
			isa = XCBuildConfiguration;
			buildSettings = {
				ALWAYS_SEARCH_USER_PATHS = NO;
				CLANG_ANALYZER_NONNULL = YES;
				CLANG_ANALYZER_NUMBER_OBJECT_CONVERSION = YES_AGGRESSIVE;
				CLANG_CXX_LANGUAGE_STANDARD = "gnu++17";
				CLANG_CXX_LIBRARY = "libc++";
				CLANG_ENABLE_MODULES = YES;
				CLANG_ENABLE_OBJC_ARC = YES;
				CLANG_ENABLE_OBJC_WEAK = YES;
				CLANG_WARN_BLOCK_CAPTURE_AUTORELEASING = YES;
				CLANG_WARN_BOOL_CONVERSION = YES;
				CLANG_WARN_COMMA = YES;
				CLANG_WARN_CONSTANT_CONVERSION = YES;
				CLANG_WARN_DEPRECATED_OBJC_IMPLEMENTATIONS = YES;
				CLANG_WARN_DIRECT_OBJC_ISA_USAGE = YES_ERROR;
				CLANG_WARN_DOCUMENTATION_COMMENTS = YES;
				CLANG_WARN_EMPTY_BODY = YES;
				CLANG_WARN_ENUM_CONVERSION = YES;
				CLANG_WARN_INFINITE_RECURSION = YES;
				CLANG_WARN_INT_CONVERSION = YES;
				CLANG_WARN_NON_LITERAL_NULL_CONVERSION = YES;
				CLANG_WARN_OBJC_IMPLICIT_RETAIN_SELF = YES;
				CLANG_WARN_OBJC_LITERAL_CONVERSION = YES;
				CLANG_WARN_OBJC_ROOT_CLASS = YES_ERROR;
				CLANG_WARN_QUOTED_INCLUDE_IN_FRAMEWORK_HEADER = YES;
				CLANG_WARN_RANGE_LOOP_ANALYSIS = YES;
				CLANG_WARN_STRICT_PROTOTYPES = YES;
				CLANG_WARN_SUSPICIOUS_MOVE = YES;
				CLANG_WARN_UNGUARDED_AVAILABILITY = YES_AGGRESSIVE;
				CLANG_WARN_UNREACHABLE_CODE = YES;
				CLANG_WARN__DUPLICATE_METHOD_MATCH = YES;
				COPY_PHASE_STRIP = NO;
				DEBUG_INFORMATION_FORMAT = "dwarf-with-dsym";
				ENABLE_NS_ASSERTIONS = NO;
				ENABLE_STRICT_OBJC_MSGSEND = YES;
				GCC_C_LANGUAGE_STANDARD = gnu11;
				GCC_NO_COMMON_BLOCKS = YES;
				GCC_WARN_64_TO_32_BIT_CONVERSION = YES;
				GCC_WARN_ABOUT_RETURN_TYPE = YES_ERROR;
				GCC_WARN_UNDECLARED_SELECTOR = YES;
				GCC_WARN_UNINITIALIZED_AUTOS = YES_AGGRESSIVE;
				GCC_WARN_UNUSED_FUNCTION = YES;
				GCC_WARN_UNUSED_VARIABLE = YES;
				IPHONEOS_DEPLOYMENT_TARGET = 15.2;
				MTL_ENABLE_DEBUG_INFO = NO;
				MTL_FAST_MATH = YES;
				SDKROOT = iphoneos;
				SWIFT_COMPILATION_MODE = wholemodule;
				SWIFT_OPTIMIZATION_LEVEL = "-O";
				VALIDATE_PRODUCT = YES;
			};
			name = Release;
		};
		33A8A93D27C96349002F77BA /* Debug */ = {
			isa = XCBuildConfiguration;
			baseConfigurationReference = 2F8EFBE38D1AE752EFA8E6E3 /* Pods-HW1.debug.xcconfig */;
			buildSettings = {
				ASSETCATALOG_COMPILER_APPICON_NAME = AppIcon;
				ASSETCATALOG_COMPILER_GLOBAL_ACCENT_COLOR_NAME = AccentColor;
				CODE_SIGN_STYLE = Automatic;
				CURRENT_PROJECT_VERSION = 1;
				DEVELOPMENT_TEAM = ZCT7VV7H86;
				GENERATE_INFOPLIST_FILE = YES;
				INFOPLIST_FILE = HW1/Info.plist;
				INFOPLIST_KEY_UIApplicationSupportsIndirectInputEvents = YES;
				INFOPLIST_KEY_UILaunchStoryboardName = LaunchScreen;
				INFOPLIST_KEY_UIMainStoryboardFile = Main;
				INFOPLIST_KEY_UISupportedInterfaceOrientations_iPad = "UIInterfaceOrientationPortrait UIInterfaceOrientationPortraitUpsideDown UIInterfaceOrientationLandscapeLeft UIInterfaceOrientationLandscapeRight";
				INFOPLIST_KEY_UISupportedInterfaceOrientations_iPhone = "UIInterfaceOrientationPortrait UIInterfaceOrientationLandscapeLeft UIInterfaceOrientationLandscapeRight";
				LD_RUNPATH_SEARCH_PATHS = (
					"$(inherited)",
					"@executable_path/Frameworks",
				);
				MARKETING_VERSION = 1.0;
				PRODUCT_BUNDLE_IDENTIFIER = com.lanyaya.HW1;
				PRODUCT_NAME = "$(TARGET_NAME)";
				SWIFT_EMIT_LOC_STRINGS = YES;
				SWIFT_VERSION = 5.0;
				TARGETED_DEVICE_FAMILY = "1,2";
			};
			name = Debug;
		};
		33A8A93E27C96349002F77BA /* Release */ = {
			isa = XCBuildConfiguration;
			baseConfigurationReference = D0328133E236D187618CF1E0 /* Pods-HW1.release.xcconfig */;
			buildSettings = {
				ASSETCATALOG_COMPILER_APPICON_NAME = AppIcon;
				ASSETCATALOG_COMPILER_GLOBAL_ACCENT_COLOR_NAME = AccentColor;
				CODE_SIGN_STYLE = Automatic;
				CURRENT_PROJECT_VERSION = 1;
				DEVELOPMENT_TEAM = ZCT7VV7H86;
				GENERATE_INFOPLIST_FILE = YES;
				INFOPLIST_FILE = HW1/Info.plist;
				INFOPLIST_KEY_UIApplicationSupportsIndirectInputEvents = YES;
				INFOPLIST_KEY_UILaunchStoryboardName = LaunchScreen;
				INFOPLIST_KEY_UIMainStoryboardFile = Main;
				INFOPLIST_KEY_UISupportedInterfaceOrientations_iPad = "UIInterfaceOrientationPortrait UIInterfaceOrientationPortraitUpsideDown UIInterfaceOrientationLandscapeLeft UIInterfaceOrientationLandscapeRight";
				INFOPLIST_KEY_UISupportedInterfaceOrientations_iPhone = "UIInterfaceOrientationPortrait UIInterfaceOrientationLandscapeLeft UIInterfaceOrientationLandscapeRight";
				LD_RUNPATH_SEARCH_PATHS = (
					"$(inherited)",
					"@executable_path/Frameworks",
				);
				MARKETING_VERSION = 1.0;
				PRODUCT_BUNDLE_IDENTIFIER = com.lanyaya.HW1;
				PRODUCT_NAME = "$(TARGET_NAME)";
				SWIFT_EMIT_LOC_STRINGS = YES;
				SWIFT_VERSION = 5.0;
				TARGETED_DEVICE_FAMILY = "1,2";
			};
			name = Release;
		};
		33A8A94027C96349002F77BA /* Debug */ = {
			isa = XCBuildConfiguration;
			baseConfigurationReference = 07573DB23DD8E06B6676430C /* Pods-HW1Tests.debug.xcconfig */;
			buildSettings = {
				ALWAYS_EMBED_SWIFT_STANDARD_LIBRARIES = YES;
				BUNDLE_LOADER = "$(TEST_HOST)";
				CODE_SIGN_STYLE = Automatic;
				CURRENT_PROJECT_VERSION = 1;
				DEVELOPMENT_TEAM = ZCT7VV7H86;
				GENERATE_INFOPLIST_FILE = YES;
				IPHONEOS_DEPLOYMENT_TARGET = 15.2;
				MARKETING_VERSION = 1.0;
				PRODUCT_BUNDLE_IDENTIFIER = com.lanyaya.HW1Tests;
				PRODUCT_NAME = "$(TARGET_NAME)";
				SWIFT_EMIT_LOC_STRINGS = NO;
				SWIFT_VERSION = 5.0;
				TARGETED_DEVICE_FAMILY = "1,2";
				TEST_HOST = "$(BUILT_PRODUCTS_DIR)/HW1.app/HW1";
			};
			name = Debug;
		};
		33A8A94127C96349002F77BA /* Release */ = {
			isa = XCBuildConfiguration;
			baseConfigurationReference = 515439D7862DB7A5454952C6 /* Pods-HW1Tests.release.xcconfig */;
			buildSettings = {
				ALWAYS_EMBED_SWIFT_STANDARD_LIBRARIES = YES;
				BUNDLE_LOADER = "$(TEST_HOST)";
				CODE_SIGN_STYLE = Automatic;
				CURRENT_PROJECT_VERSION = 1;
				DEVELOPMENT_TEAM = ZCT7VV7H86;
				GENERATE_INFOPLIST_FILE = YES;
				IPHONEOS_DEPLOYMENT_TARGET = 15.2;
				MARKETING_VERSION = 1.0;
				PRODUCT_BUNDLE_IDENTIFIER = com.lanyaya.HW1Tests;
				PRODUCT_NAME = "$(TARGET_NAME)";
				SWIFT_EMIT_LOC_STRINGS = NO;
				SWIFT_VERSION = 5.0;
				TARGETED_DEVICE_FAMILY = "1,2";
				TEST_HOST = "$(BUILT_PRODUCTS_DIR)/HW1.app/HW1";
			};
			name = Release;
		};
		33A8A94327C96349002F77BA /* Debug */ = {
			isa = XCBuildConfiguration;
			baseConfigurationReference = 18B95E31BBA48C55AD90E1AD /* Pods-HW1-HW1UITests.debug.xcconfig */;
			buildSettings = {
				ALWAYS_EMBED_SWIFT_STANDARD_LIBRARIES = YES;
				CODE_SIGN_STYLE = Automatic;
				CURRENT_PROJECT_VERSION = 1;
				DEVELOPMENT_TEAM = ZCT7VV7H86;
				GENERATE_INFOPLIST_FILE = YES;
				MARKETING_VERSION = 1.0;
				PRODUCT_BUNDLE_IDENTIFIER = com.lanyaya.HW1UITests;
				PRODUCT_NAME = "$(TARGET_NAME)";
				SWIFT_EMIT_LOC_STRINGS = NO;
				SWIFT_VERSION = 5.0;
				TARGETED_DEVICE_FAMILY = "1,2";
				TEST_TARGET_NAME = HW1;
			};
			name = Debug;
		};
		33A8A94427C96349002F77BA /* Release */ = {
			isa = XCBuildConfiguration;
			baseConfigurationReference = 035A1801F724DB154572CB20 /* Pods-HW1-HW1UITests.release.xcconfig */;
			buildSettings = {
				ALWAYS_EMBED_SWIFT_STANDARD_LIBRARIES = YES;
				CODE_SIGN_STYLE = Automatic;
				CURRENT_PROJECT_VERSION = 1;
				DEVELOPMENT_TEAM = ZCT7VV7H86;
				GENERATE_INFOPLIST_FILE = YES;
				MARKETING_VERSION = 1.0;
				PRODUCT_BUNDLE_IDENTIFIER = com.lanyaya.HW1UITests;
				PRODUCT_NAME = "$(TARGET_NAME)";
				SWIFT_EMIT_LOC_STRINGS = NO;
				SWIFT_VERSION = 5.0;
				TARGETED_DEVICE_FAMILY = "1,2";
				TEST_TARGET_NAME = HW1;
			};
			name = Release;
		};
/* End XCBuildConfiguration section */

/* Begin XCConfigurationList section */
		33A8A90D27C96347002F77BA /* Build configuration list for PBXProject "HW1" */ = {
			isa = XCConfigurationList;
			buildConfigurations = (
				33A8A93A27C96349002F77BA /* Debug */,
				33A8A93B27C96349002F77BA /* Release */,
			);
			defaultConfigurationIsVisible = 0;
			defaultConfigurationName = Release;
		};
		33A8A93C27C96349002F77BA /* Build configuration list for PBXNativeTarget "HW1" */ = {
			isa = XCConfigurationList;
			buildConfigurations = (
				33A8A93D27C96349002F77BA /* Debug */,
				33A8A93E27C96349002F77BA /* Release */,
			);
			defaultConfigurationIsVisible = 0;
			defaultConfigurationName = Release;
		};
		33A8A93F27C96349002F77BA /* Build configuration list for PBXNativeTarget "HW1Tests" */ = {
			isa = XCConfigurationList;
			buildConfigurations = (
				33A8A94027C96349002F77BA /* Debug */,
				33A8A94127C96349002F77BA /* Release */,
			);
			defaultConfigurationIsVisible = 0;
			defaultConfigurationName = Release;
		};
		33A8A94227C96349002F77BA /* Build configuration list for PBXNativeTarget "HW1UITests" */ = {
			isa = XCConfigurationList;
			buildConfigurations = (
				33A8A94327C96349002F77BA /* Debug */,
				33A8A94427C96349002F77BA /* Release */,
			);
			defaultConfigurationIsVisible = 0;
			defaultConfigurationName = Release;
		};
/* End XCConfigurationList section */

/* Begin XCRemoteSwiftPackageReference section */
		33A8A95127C9AB4B002F77BA /* XCRemoteSwiftPackageReference "AlamofireImage" */ = {
			isa = XCRemoteSwiftPackageReference;
			repositoryURL = "https://github.com/Alamofire/AlamofireImage";
			requirement = {
				kind = upToNextMajorVersion;
				minimumVersion = 4.0.0;
			};
		};
/* End XCRemoteSwiftPackageReference section */

/* Begin XCSwiftPackageProductDependency section */
		33A8A95227C9AB4B002F77BA /* AlamofireImage */ = {
			isa = XCSwiftPackageProductDependency;
			package = 33A8A95127C9AB4B002F77BA /* XCRemoteSwiftPackageReference "AlamofireImage" */;
			productName = AlamofireImage;
		};
/* End XCSwiftPackageProductDependency section */
	};
	rootObject = 33A8A90A27C96347002F77BA /* Project object */;
}
